Microsoft Visual Studio Solution File, Format Version 11.00
# Visual Studio 2008

Project("{529A899E-9B1C-57E5-5EF2-8905B0D1A5D6}") = "Pompeii", "Assembly-CSharp.csproj", "{851AF30E-4DA6-DF40-1BF5-3F6A25FDA263}"
EndProject
Global
	GlobalSection(SolutionConfigurationPlatforms) = preSolution
		Debug|Any CPU = Debug|Any CPU
		Release|Any CPU = Release|Any CPU
	EndGlobalSection
	GlobalSection(ProjectConfigurationPlatforms) = postSolution
		{851AF30E-4DA6-DF40-1BF5-3F6A25FDA263}.Debug|Any CPU.ActiveCfg = Debug|Any CPU
		{851AF30E-4DA6-DF40-1BF5-3F6A25FDA263}.Debug|Any CPU.Build.0 = Debug|Any CPU
		{851AF30E-4DA6-DF40-1BF5-3F6A25FDA263}.Release|Any CPU.ActiveCfg = Release|Any CPU
		{851AF30E-4DA6-DF40-1BF5-3F6A25FDA263}.Release|Any CPU.Build.0 = Release|Any CPU
	EndGlobalSection
	GlobalSection(SolutionProperties) = preSolution
		HideSolutionNode = FALSE
	EndGlobalSection
		GlobalSection(MonoDevelopProperties) = preSolution
		StartupItem = Assembly-CSharp.csproj
		Policies = $0
		$0.TextStylePolicy = $1
		$1.inheritsSet = null
		$1.scope = text/x-csharp
		$0.CSharpFormattingPolicy = $2
		$2.inheritsSet = Mono
		$2.inheritsScope = text/x-csharp
		$2.scope = text/x-csharp
		$0.TextStylePolicy = $3
		$3.FileWidth = 120
		$3.TabWidth = 4
		$3.EolMarker = Unix
		$3.inheritsSet = Mono
		$3.inheritsScope = text/plain
		$3.scope = text/plain
	EndGlobalSection

EndGlobal
