// !$*UTF8*$!
{
	archiveVersion = 1;
	classes = {
	};
	objectVersion = 46;
	objects = {

/* Begin PBXBuildFile section */
		983967831A734609008E8CB9 /* SDL2.framework in Frameworks */ = {isa = PBXBuildFile; fileRef = 983967821A734609008E8CB9 /* SDL2.framework */; };
		9870D7B21A734C2A00BCCCF6 /* main.cpp in Sources */ = {isa = PBXBuildFile; fileRef = 9870D7AF1A734C2A00BCCCF6 /* main.cpp */; };
		9870D7B31A734C2A00BCCCF6 /* utilities.cpp in Sources */ = {isa = PBXBuildFile; fileRef = 9870D7B01A734C2A00BCCCF6 /* utilities.cpp */; };
		98AFB5FB1A7350DA003AAC5C /* SDL2.framework in Embed Frameworks */ = {isa = PBXBuildFile; fileRef = 983967821A734609008E8CB9 /* SDL2.framework */; settings = {ATTRIBUTES = (CodeSignOnCopy, RemoveHeadersOnCopy, ); }; };
		98AFB6001A735822003AAC5C /* Info.plist in Resources */ = {isa = PBXBuildFile; fileRef = 98AFB5FF1A735822003AAC5C /* Info.plist */; };
/* End PBXBuildFile section */

/* Begin PBXCopyFilesBuildPhase section */
		98AFB5FC1A7350DA003AAC5C /* Embed Frameworks */ = {
			isa = PBXCopyFilesBuildPhase;
			buildActionMask = 2147483647;
			dstPath = "";
			dstSubfolderSpec = 10;
			files = (
				98AFB5FB1A7350DA003AAC5C /* SDL2.framework in Embed Frameworks */,
			);
			name = "Embed Frameworks";
			runOnlyForDeploymentPostprocessing = 0;
		};
/* End PBXCopyFilesBuildPhase section */

/* Begin PBXFileReference section */
		9839675F1A7345BA008E8CB9 /* Pompeii.app */ = {isa = PBXFileReference; explicitFileType = wrapper.application; includeInIndex = 0; path = Pompeii.app; sourceTree = BUILT_PRODUCTS_DIR; };
		983967821A734609008E8CB9 /* SDL2.framework */ = {isa = PBXFileReference; lastKnownFileType = wrapper.framework; path = SDL2.framework; sourceTree = "<group>"; };
		9870D7AF1A734C2A00BCCCF6 /* main.cpp */ = {isa = PBXFileReference; fileEncoding = 4; lastKnownFileType = sourcecode.cpp.cpp; path = main.cpp; sourceTree = "<group>"; };
		9870D7B01A734C2A00BCCCF6 /* utilities.cpp */ = {isa = PBXFileReference; fileEncoding = 4; lastKnownFileType = sourcecode.cpp.cpp; path = utilities.cpp; sourceTree = "<group>"; };
		9870D7B11A734C2A00BCCCF6 /* utilities.h */ = {isa = PBXFileReference; fileEncoding = 4; lastKnownFileType = sourcecode.c.h; path = utilities.h; sourceTree = "<group>"; };
		98AFB5FF1A735822003AAC5C /* Info.plist */ = {isa = PBXFileReference; fileEncoding = 4; lastKnownFileType = text.plist.xml; name = Info.plist; path = PompeiiMac/Info.plist; sourceTree = SOURCE_ROOT; };
/* End PBXFileReference section */

/* Begin PBXFrameworksBuildPhase section */
		9839675C1A7345BA008E8CB9 /* Frameworks */ = {
			isa = PBXFrameworksBuildPhase;
			buildActionMask = 2147483647;
			files = (
				983967831A734609008E8CB9 /* SDL2.framework in Frameworks */,
			);
			runOnlyForDeploymentPostprocessing = 0;
		};
/* End PBXFrameworksBuildPhase section */

/* Begin PBXGroup section */
		983967561A7345B9008E8CB9 = {
			isa = PBXGroup;
			children = (
				983967611A7345BA008E8CB9 /* Pompeii */,
				983967621A7345BA008E8CB9 /* PompeiiMac */,
				983967601A7345BA008E8CB9 /* Products */,
				983967821A734609008E8CB9 /* SDL2.framework */,
			);
			sourceTree = "<group>";
		};
		983967601A7345BA008E8CB9 /* Products */ = {
			isa = PBXGroup;
			children = (
				9839675F1A7345BA008E8CB9 /* Pompeii.app */,
			);
			name = Products;
			sourceTree = "<group>";
		};
		983967611A7345BA008E8CB9 /* Pompeii */ = {
			isa = PBXGroup;
			children = (
				9870D7AF1A734C2A00BCCCF6 /* main.cpp */,
				9870D7B01A734C2A00BCCCF6 /* utilities.cpp */,
				9870D7B11A734C2A00BCCCF6 /* utilities.h */,
			);
			path = Pompeii;
			sourceTree = "<group>";
		};
		983967621A7345BA008E8CB9 /* PompeiiMac */ = {
			isa = PBXGroup;
			children = (
				98AFB5FF1A735822003AAC5C /* Info.plist */,
			);
			name = PompeiiMac;
			path = Pompeii;
			sourceTree = "<group>";
		};
/* End PBXGroup section */

/* Begin PBXNativeTarget section */
		9839675E1A7345BA008E8CB9 /* Pompeii */ = {
			isa = PBXNativeTarget;
			buildConfigurationList = 9839677C1A7345BA008E8CB9 /* Build configuration list for PBXNativeTarget "Pompeii" */;
			buildPhases = (
				9839675B1A7345BA008E8CB9 /* Sources */,
				9839675C1A7345BA008E8CB9 /* Frameworks */,
				9839675D1A7345BA008E8CB9 /* Resources */,
				98AFB5FC1A7350DA003AAC5C /* Embed Frameworks */,
			);
			buildRules = (
			);
			dependencies = (
			);
			name = Pompeii;
			productName = Pompeii;
			productReference = 9839675F1A7345BA008E8CB9 /* Pompeii.app */;
			productType = "com.apple.product-type.application";
		};
/* End PBXNativeTarget section */

/* Begin PBXProject section */
		983967571A7345B9008E8CB9 /* Project object */ = {
			isa = PBXProject;
			attributes = {
				LastUpgradeCheck = 0610;
				ORGANIZATIONNAME = "Team WASD";
				TargetAttributes = {
					9839675E1A7345BA008E8CB9 = {
						CreatedOnToolsVersion = 6.1.1;
					};
				};
			};
			buildConfigurationList = 9839675A1A7345B9008E8CB9 /* Build configuration list for PBXProject "Pompeii" */;
			compatibilityVersion = "Xcode 3.2";
			developmentRegion = English;
			hasScannedForEncodings = 0;
			knownRegions = (
				en,
				Base,
			);
			mainGroup = 983967561A7345B9008E8CB9;
			productRefGroup = 983967601A7345BA008E8CB9 /* Products */;
			projectDirPath = "";
			projectRoot = "";
			targets = (
				9839675E1A7345BA008E8CB9 /* Pompeii */,
			);
		};
/* End PBXProject section */

/* Begin PBXResourcesBuildPhase section */
		9839675D1A7345BA008E8CB9 /* Resources */ = {
			isa = PBXResourcesBuildPhase;
			buildActionMask = 2147483647;
			files = (
				98AFB6001A735822003AAC5C /* Info.plist in Resources */,
			);
			runOnlyForDeploymentPostprocessing = 0;
		};
/* End PBXResourcesBuildPhase section */

/* Begin PBXSourcesBuildPhase section */
		9839675B1A7345BA008E8CB9 /* Sources */ = {
			isa = PBXSourcesBuildPhase;
			buildActionMask = 2147483647;
			files = (
				9870D7B31A734C2A00BCCCF6 /* utilities.cpp in Sources */,
				9870D7B21A734C2A00BCCCF6 /* main.cpp in Sources */,
			);
			runOnlyForDeploymentPostprocessing = 0;
		};
/* End PBXSourcesBuildPhase section */

/* Begin XCBuildConfiguration section */
		9839677A1A7345BA008E8CB9 /* Debug */ = {
			isa = XCBuildConfiguration;
			buildSettings = {
				ALWAYS_SEARCH_USER_PATHS = NO;
				CLANG_CXX_LANGUAGE_STANDARD = "gnu++0x";
				CLANG_CXX_LIBRARY = "libc++";
				CLANG_ENABLE_MODULES = YES;
				CLANG_ENABLE_OBJC_ARC = YES;
				CLANG_WARN_BOOL_CONVERSION = YES;
				CLANG_WARN_CONSTANT_CONVERSION = YES;
				CLANG_WARN_DIRECT_OBJC_ISA_USAGE = YES_ERROR;
				CLANG_WARN_EMPTY_BODY = YES;
				CLANG_WARN_ENUM_CONVERSION = YES;
				CLANG_WARN_INT_CONVERSION = YES;
				CLANG_WARN_OBJC_ROOT_CLASS = YES_ERROR;
				CLANG_WARN_UNREACHABLE_CODE = YES;
				CLANG_WARN__DUPLICATE_METHOD_MATCH = YES;
				CODE_SIGN_IDENTITY = "-";
				COPY_PHASE_STRIP = NO;
				ENABLE_STRICT_OBJC_MSGSEND = YES;
				GCC_C_LANGUAGE_STANDARD = gnu99;
				GCC_DYNAMIC_NO_PIC = NO;
				GCC_OPTIMIZATION_LEVEL = 0;
				GCC_PREPROCESSOR_DEFINITIONS = (
					"DEBUG=1",
					SDL_STATIC_IMPORT,
					"$(inherited)",
				);
				GCC_SYMBOLS_PRIVATE_EXTERN = NO;
				GCC_WARN_64_TO_32_BIT_CONVERSION = YES;
				GCC_WARN_ABOUT_RETURN_TYPE = YES_ERROR;
				GCC_WARN_UNDECLARED_SELECTOR = YES;
				GCC_WARN_UNINITIALIZED_AUTOS = YES_AGGRESSIVE;
				GCC_WARN_UNUSED_FUNCTION = YES;
				GCC_WARN_UNUSED_VARIABLE = YES;
				MACOSX_DEPLOYMENT_TARGET = 10.10;
				MTL_ENABLE_DEBUG_INFO = YES;
				ONLY_ACTIVE_ARCH = YES;
				SDKROOT = macosx;
			};
			name = Debug;
		};
		9839677B1A7345BA008E8CB9 /* Release */ = {
			isa = XCBuildConfiguration;
			buildSettings = {
				ALWAYS_SEARCH_USER_PATHS = NO;
				CLANG_CXX_LANGUAGE_STANDARD = "gnu++0x";
				CLANG_CXX_LIBRARY = "libc++";
				CLANG_ENABLE_MODULES = YES;
				CLANG_ENABLE_OBJC_ARC = YES;
				CLANG_WARN_BOOL_CONVERSION = YES;
				CLANG_WARN_CONSTANT_CONVERSION = YES;
				CLANG_WARN_DIRECT_OBJC_ISA_USAGE = YES_ERROR;
				CLANG_WARN_EMPTY_BODY = YES;
				CLANG_WARN_ENUM_CONVERSION = YES;
				CLANG_WARN_INT_CONVERSION = YES;
				CLANG_WARN_OBJC_ROOT_CLASS = YES_ERROR;
				CLANG_WARN_UNREACHABLE_CODE = YES;
				CLANG_WARN__DUPLICATE_METHOD_MATCH = YES;
				CODE_SIGN_IDENTITY = "-";
				COPY_PHASE_STRIP = YES;
				DEBUG_INFORMATION_FORMAT = "dwarf-with-dsym";
				ENABLE_NS_ASSERTIONS = NO;
				ENABLE_STRICT_OBJC_MSGSEND = YES;
				GCC_C_LANGUAGE_STANDARD = gnu99;
				GCC_PREPROCESSOR_DEFINITIONS = SDL_STATIC_IMPORT;
				GCC_WARN_64_TO_32_BIT_CONVERSION = YES;
				GCC_WARN_ABOUT_RETURN_TYPE = YES_ERROR;
				GCC_WARN_UNDECLARED_SELECTOR = YES;
				GCC_WARN_UNINITIALIZED_AUTOS = YES_AGGRESSIVE;
				GCC_WARN_UNUSED_FUNCTION = YES;
				GCC_WARN_UNUSED_VARIABLE = YES;
				MACOSX_DEPLOYMENT_TARGET = 10.10;
				MTL_ENABLE_DEBUG_INFO = NO;
				SDKROOT = macosx;
			};
			name = Release;
		};
		9839677D1A7345BA008E8CB9 /* Debug */ = {
			isa = XCBuildConfiguration;
			buildSettings = {
				COMBINE_HIDPI_IMAGES = YES;
				FRAMEWORK_SEARCH_PATHS = (
					"$(inherited)",
					"$(PROJECT_DIR)",
				);
				INFOPLIST_FILE = PompeiiMac/Info.plist;
				LD_RUNPATH_SEARCH_PATHS = "$(inherited) @executable_path/../Frameworks";
				PRODUCT_NAME = "$(TARGET_NAME)";
			};
			name = Debug;
		};
		9839677E1A7345BA008E8CB9 /* Release */ = {
			isa = XCBuildConfiguration;
			buildSettings = {
				COMBINE_HIDPI_IMAGES = YES;
				FRAMEWORK_SEARCH_PATHS = (
					"$(inherited)",
					"$(PROJECT_DIR)",
				);
				INFOPLIST_FILE = PompeiiMac/Info.plist;
				LD_RUNPATH_SEARCH_PATHS = "$(inherited) @executable_path/../Frameworks";
				PRODUCT_NAME = "$(TARGET_NAME)";
			};
			name = Release;
		};
/* End XCBuildConfiguration section */

/* Begin XCConfigurationList section */
		9839675A1A7345B9008E8CB9 /* Build configuration list for PBXProject "Pompeii" */ = {
			isa = XCConfigurationList;
			buildConfigurations = (
				9839677A1A7345BA008E8CB9 /* Debug */,
				9839677B1A7345BA008E8CB9 /* Release */,
			);
			defaultConfigurationIsVisible = 0;
			defaultConfigurationName = Release;
		};
		9839677C1A7345BA008E8CB9 /* Build configuration list for PBXNativeTarget "Pompeii" */ = {
			isa = XCConfigurationList;
			buildConfigurations = (
				9839677D1A7345BA008E8CB9 /* Debug */,
				9839677E1A7345BA008E8CB9 /* Release */,
			);
			defaultConfigurationIsVisible = 0;
			defaultConfigurationName = Release;
		};
/* End XCConfigurationList section */
	};
	rootObject = 983967571A7345B9008E8CB9 /* Project object */;
}
